
Microsoft Visual Studio Solution File, Format Version 12.00
# Visual Studio Version 17
VisualStudioVersion = 17.0.31903.59
MinimumVisualStudioVersion = 10.0.40219.1
Project("{FAE04EC0-301F-11D3-BF4B-00C04F79EFBC}") = "App21", "App21.csproj", "{7A6C2B45-B3FC-4F12-82BE-60462EBDF6EE}"
EndProject
Global
	GlobalSection(SolutionConfigurationPlatforms) = preSolution
		Debug|Any CPU = Debug|Any CPU
		Release|Any CPU = Release|Any CPU
	EndGlobalSection
	GlobalSection(ProjectConfigurationPlatforms) = postSolution
		{7A6C2B45-B3FC-4F12-82BE-60462EBDF6EE}.Debug|Any CPU.ActiveCfg = Debug|Any CPU
		{7A6C2B45-B3FC-4F12-82BE-60462EBDF6EE}.Debug|Any CPU.Build.0 = Debug|Any CPU
		{7A6C2B45-B3FC-4F12-82BE-60462EBDF6EE}.Release|Any CPU.ActiveCfg = Release|Any CPU
		{7A6C2B45-B3FC-4F12-82BE-60462EBDF6EE}.Release|Any CPU.Build.0 = Release|Any CPU
	EndGlobalSection
	GlobalSection(SolutionProperties) = preSolution
		HideSolutionNode = FALSE
	EndGlobalSection
	GlobalSection(ExtensibilityGlobals) = postSolution
		SolutionGuid = {D7A8E9BA-EA70-4967-80B1-E71A6B2C57CA}
	EndGlobalSection
EndGlobal
